
Microsoft Visual Studio Solution File, Format Version 11.00
# Visual C# Express 2010
Project("{FAE04EC0-301F-11D3-BF4B-00C04F79EFBC}") = "KinectTest1", "KinectTest1\KinectTest1.csproj", "{CB36DB3A-59F6-4975-B42F-B4F8D715B358}"
EndProject
Global
	GlobalSection(SolutionConfigurationPlatforms) = preSolution
		Debug|x86 = Debug|x86
		Release|x86 = Release|x86
	EndGlobalSection
	GlobalSection(ProjectConfigurationPlatforms) = postSolution
		{CB36DB3A-59F6-4975-B42F-B4F8D715B358}.Debug|x86.ActiveCfg = Debug|x86
		{CB36DB3A-59F6-4975-B42F-B4F8D715B358}.Debug|x86.Build.0 = Debug|x86
		{CB36DB3A-59F6-4975-B42F-B4F8D715B358}.Release|x86.ActiveCfg = Release|x86
		{CB36DB3A-59F6-4975-B42F-B4F8D715B358}.Release|x86.Build.0 = Release|x86
	EndGlobalSection
	GlobalSection(SolutionProperties) = preSolution
		HideSolutionNode = FALSE
	EndGlobalSection
EndGlobal
